
Microsoft Visual Studio Solution File, Format Version 12.00
# Visual Studio Version 16
VisualStudioVersion = 16.0.30204.135
MinimumVisualStudioVersion = 10.0.40219.1
Project("{FAE04EC0-301F-11D3-BF4B-00C04F79EFBC}") = "MopSlipper", "Source\MopSlipper.csproj", "{36A53FBA-4388-4748-996A-BEA7CED31524}"
EndProject
Global
	GlobalSection(SolutionConfigurationPlatforms) = preSolution
		Debug|Any CPU = Debug|Any CPU
		Debug|x64 = Debug|x64
		Release|Any CPU = Release|Any CPU
		Release|x64 = Release|x64
	EndGlobalSection
	GlobalSection(ProjectConfigurationPlatforms) = postSolution
		{A05911F2-5563-48F2-8944-BFA8CE5B2115}.Debug|Any CPU.ActiveCfg = Release|x64
		{A05911F2-5563-48F2-8944-BFA8CE5B2115}.Debug|x64.ActiveCfg = Release|x64
		{A05911F2-5563-48F2-8944-BFA8CE5B2115}.Release|Any CPU.ActiveCfg = Release|x64
		{A05911F2-5563-48F2-8944-BFA8CE5B2115}.Release|x64.ActiveCfg = Release|x64
		{36A53FBA-4388-4748-996A-BEA7CED31524}.Debug|Any CPU.ActiveCfg = Debug|Any CPU
		{36A53FBA-4388-4748-996A-BEA7CED31524}.Debug|Any CPU.Build.0 = Debug|Any CPU
		{36A53FBA-4388-4748-996A-BEA7CED31524}.Debug|x64.ActiveCfg = Debug|Any CPU
		{36A53FBA-4388-4748-996A-BEA7CED31524}.Debug|x64.Build.0 = Debug|Any CPU
		{36A53FBA-4388-4748-996A-BEA7CED31524}.Release|Any CPU.ActiveCfg = Release|Any CPU
		{36A53FBA-4388-4748-996A-BEA7CED31524}.Release|Any CPU.Build.0 = Release|Any CPU
		{36A53FBA-4388-4748-996A-BEA7CED31524}.Release|x64.ActiveCfg = Release|Any CPU
		{36A53FBA-4388-4748-996A-BEA7CED31524}.Release|x64.Build.0 = Release|Any CPU
	EndGlobalSection
	GlobalSection(SolutionProperties) = preSolution
		HideSolutionNode = FALSE
	EndGlobalSection
	GlobalSection(ExtensibilityGlobals) = postSolution
		SolutionGuid = {89385DF1-7D1C-4A14-AF76-66A9690A30BF}
	EndGlobalSection
EndGlobal
